
Microsoft Visual Studio Solution File, Format Version 12.00
# Visual Studio Version 17
VisualStudioVersion = 17.8.34330.188
MinimumVisualStudioVersion = 10.0.40219.1
Project("{778DAE3C-4631-46EA-AA77-85C1314464D9}") = "Lib.Domain", "Lib.Domain\Lib.Domain.vbproj", "{D0B5E9B3-1952-4495-AB9A-519A26738EFA}"
EndProject
Project("{778DAE3C-4631-46EA-AA77-85C1314464D9}") = "Lib.Application", "Lib.Application\Lib.Application.vbproj", "{2B62E6F8-8427-4215-A1C4-B626B23509EF}"
EndProject
Project("{778DAE3C-4631-46EA-AA77-85C1314464D9}") = "Lib.Persistence", "Lib.Persistence\Lib.Persistence.vbproj", "{9B047D25-9418-446F-8701-775B1EE56444}"
EndProject
Project("{778DAE3C-4631-46EA-AA77-85C1314464D9}") = "Lib.Utils", "Lib.Utils\Lib.Utils.vbproj", "{E9661F69-8137-4E31-BF95-22A422D03DAA}"
EndProject
Project("{2150E333-8FDC-42A3-9474-1A3956D46DE8}") = "1-Core", "1-Core", "{5759F058-A889-4E75-89C0-DF46882AF1AF}"
EndProject
Project("{2150E333-8FDC-42A3-9474-1A3956D46DE8}") = "2-Infrastructure", "2-Infrastructure", "{3FB6039A-01B6-48D8-A397-AAE80E06EE15}"
EndProject
Project("{2150E333-8FDC-42A3-9474-1A3956D46DE8}") = "3-API", "3-API", "{10022578-0245-45BA-B20F-A078055061BF}"
EndProject
Project("{F184B08F-C81C-45F6-A57F-5ABD9991F28F}") = "Lib.API", "Lib.API\Lib.API.vbproj", "{08353C80-523F-4F58-BA42-88123B8EB344}"
	ProjectSection(ProjectDependencies) = postProject
		{2B62E6F8-8427-4215-A1C4-B626B23509EF} = {2B62E6F8-8427-4215-A1C4-B626B23509EF}
		{9B047D25-9418-446F-8701-775B1EE56444} = {9B047D25-9418-446F-8701-775B1EE56444}
		{D0B5E9B3-1952-4495-AB9A-519A26738EFA} = {D0B5E9B3-1952-4495-AB9A-519A26738EFA}
		{E9661F69-8137-4E31-BF95-22A422D03DAA} = {E9661F69-8137-4E31-BF95-22A422D03DAA}
	EndProjectSection
EndProject
Global
	GlobalSection(SolutionConfigurationPlatforms) = preSolution
		Debug|Any CPU = Debug|Any CPU
		Release|Any CPU = Release|Any CPU
	EndGlobalSection
	GlobalSection(ProjectConfigurationPlatforms) = postSolution
		{D0B5E9B3-1952-4495-AB9A-519A26738EFA}.Debug|Any CPU.ActiveCfg = Debug|Any CPU
		{D0B5E9B3-1952-4495-AB9A-519A26738EFA}.Debug|Any CPU.Build.0 = Debug|Any CPU
		{D0B5E9B3-1952-4495-AB9A-519A26738EFA}.Release|Any CPU.ActiveCfg = Release|Any CPU
		{D0B5E9B3-1952-4495-AB9A-519A26738EFA}.Release|Any CPU.Build.0 = Release|Any CPU
		{2B62E6F8-8427-4215-A1C4-B626B23509EF}.Debug|Any CPU.ActiveCfg = Debug|Any CPU
		{2B62E6F8-8427-4215-A1C4-B626B23509EF}.Debug|Any CPU.Build.0 = Debug|Any CPU
		{2B62E6F8-8427-4215-A1C4-B626B23509EF}.Release|Any CPU.ActiveCfg = Release|Any CPU
		{2B62E6F8-8427-4215-A1C4-B626B23509EF}.Release|Any CPU.Build.0 = Release|Any CPU
		{9B047D25-9418-446F-8701-775B1EE56444}.Debug|Any CPU.ActiveCfg = Debug|Any CPU
		{9B047D25-9418-446F-8701-775B1EE56444}.Debug|Any CPU.Build.0 = Debug|Any CPU
		{9B047D25-9418-446F-8701-775B1EE56444}.Release|Any CPU.ActiveCfg = Release|Any CPU
		{9B047D25-9418-446F-8701-775B1EE56444}.Release|Any CPU.Build.0 = Release|Any CPU
		{E9661F69-8137-4E31-BF95-22A422D03DAA}.Debug|Any CPU.ActiveCfg = Debug|Any CPU
		{E9661F69-8137-4E31-BF95-22A422D03DAA}.Debug|Any CPU.Build.0 = Debug|Any CPU
		{E9661F69-8137-4E31-BF95-22A422D03DAA}.Release|Any CPU.ActiveCfg = Release|Any CPU
		{E9661F69-8137-4E31-BF95-22A422D03DAA}.Release|Any CPU.Build.0 = Release|Any CPU
		{08353C80-523F-4F58-BA42-88123B8EB344}.Debug|Any CPU.ActiveCfg = Debug|Any CPU
		{08353C80-523F-4F58-BA42-88123B8EB344}.Debug|Any CPU.Build.0 = Debug|Any CPU
		{08353C80-523F-4F58-BA42-88123B8EB344}.Release|Any CPU.ActiveCfg = Release|Any CPU
		{08353C80-523F-4F58-BA42-88123B8EB344}.Release|Any CPU.Build.0 = Release|Any CPU
	EndGlobalSection
	GlobalSection(SolutionProperties) = preSolution
		HideSolutionNode = FALSE
	EndGlobalSection
	GlobalSection(NestedProjects) = preSolution
		{D0B5E9B3-1952-4495-AB9A-519A26738EFA} = {5759F058-A889-4E75-89C0-DF46882AF1AF}
		{2B62E6F8-8427-4215-A1C4-B626B23509EF} = {5759F058-A889-4E75-89C0-DF46882AF1AF}
		{9B047D25-9418-446F-8701-775B1EE56444} = {3FB6039A-01B6-48D8-A397-AAE80E06EE15}
		{E9661F69-8137-4E31-BF95-22A422D03DAA} = {3FB6039A-01B6-48D8-A397-AAE80E06EE15}
		{08353C80-523F-4F58-BA42-88123B8EB344} = {10022578-0245-45BA-B20F-A078055061BF}
	EndGlobalSection
	GlobalSection(ExtensibilityGlobals) = postSolution
		SolutionGuid = {6E79538E-5C6F-4E5D-BFAC-70DBCBF89F7A}
	EndGlobalSection
EndGlobal
